
Microsoft Visual Studio Solution File, Format Version 12.00
# Visual Studio 15
VisualStudioVersion = 15.0.28307.271
MinimumVisualStudioVersion = 10.0.40219.1
Project("{8BC9CEB8-8B4A-11D0-8D11-00A0C91BC942}") = "Programming Assignment 5", "Programming Assignment 5\Programming Assignment 5.vcxproj", "{04949123-6A00-4E40-A29B-54244A187125}"
EndProject
Global
	GlobalSection(SolutionConfigurationPlatforms) = preSolution
		Debug|x64 = Debug|x64
		Debug|x86 = Debug|x86
		Release|x64 = Release|x64
		Release|x86 = Release|x86
	EndGlobalSection
	GlobalSection(ProjectConfigurationPlatforms) = postSolution
		{04949123-6A00-4E40-A29B-54244A187125}.Debug|x64.ActiveCfg = Debug|x64
		{04949123-6A00-4E40-A29B-54244A187125}.Debug|x64.Build.0 = Debug|x64
		{04949123-6A00-4E40-A29B-54244A187125}.Debug|x86.ActiveCfg = Debug|Win32
		{04949123-6A00-4E40-A29B-54244A187125}.Debug|x86.Build.0 = Debug|Win32
		{04949123-6A00-4E40-A29B-54244A187125}.Release|x64.ActiveCfg = Release|x64
		{04949123-6A00-4E40-A29B-54244A187125}.Release|x64.Build.0 = Release|x64
		{04949123-6A00-4E40-A29B-54244A187125}.Release|x86.ActiveCfg = Release|Win32
		{04949123-6A00-4E40-A29B-54244A187125}.Release|x86.Build.0 = Release|Win32
	EndGlobalSection
	GlobalSection(SolutionProperties) = preSolution
		HideSolutionNode = FALSE
	EndGlobalSection
	GlobalSection(ExtensibilityGlobals) = postSolution
		SolutionGuid = {56470F45-C463-4A43-83E8-53964A844F10}
	EndGlobalSection
EndGlobal
