
Microsoft Visual Studio Solution File, Format Version 12.00
# Visual Studio 15
VisualStudioVersion = 15.0.28307.271
MinimumVisualStudioVersion = 10.0.40219.1
Project("{8BC9CEB8-8B4A-11D0-8D11-00A0C91BC942}") = "Programming Assignment 3", "Programming Assignment 3\Programming Assignment 3.vcxproj", "{7AD6CD89-8592-44E2-BF67-1CDE1E5F7A34}"
EndProject
Global
	GlobalSection(SolutionConfigurationPlatforms) = preSolution
		Debug|x64 = Debug|x64
		Debug|x86 = Debug|x86
		Release|x64 = Release|x64
		Release|x86 = Release|x86
	EndGlobalSection
	GlobalSection(ProjectConfigurationPlatforms) = postSolution
		{7AD6CD89-8592-44E2-BF67-1CDE1E5F7A34}.Debug|x64.ActiveCfg = Debug|x64
		{7AD6CD89-8592-44E2-BF67-1CDE1E5F7A34}.Debug|x64.Build.0 = Debug|x64
		{7AD6CD89-8592-44E2-BF67-1CDE1E5F7A34}.Debug|x86.ActiveCfg = Debug|Win32
		{7AD6CD89-8592-44E2-BF67-1CDE1E5F7A34}.Debug|x86.Build.0 = Debug|Win32
		{7AD6CD89-8592-44E2-BF67-1CDE1E5F7A34}.Release|x64.ActiveCfg = Release|x64
		{7AD6CD89-8592-44E2-BF67-1CDE1E5F7A34}.Release|x64.Build.0 = Release|x64
		{7AD6CD89-8592-44E2-BF67-1CDE1E5F7A34}.Release|x86.ActiveCfg = Release|Win32
		{7AD6CD89-8592-44E2-BF67-1CDE1E5F7A34}.Release|x86.Build.0 = Release|Win32
	EndGlobalSection
	GlobalSection(SolutionProperties) = preSolution
		HideSolutionNode = FALSE
	EndGlobalSection
	GlobalSection(ExtensibilityGlobals) = postSolution
		SolutionGuid = {038C9DB2-306B-4B76-80B7-7374AFAC6EEE}
	EndGlobalSection
EndGlobal
